// !$*UTF8*$!
{
	archiveVersion = 1;
	classes = {
	};
	objectVersion = 46;
	objects = {

/* Begin PBXBuildFile section */
		85547E211DEE946000FE9846 /* ChattingViewController.m in Sources */ = {isa = PBXBuildFile; fileRef = 85547E201DEE946000FE9846 /* ChattingViewController.m */; };
		85547E3A1DEEEE7400FE9846 /* amrFileCodec.m in Sources */ = {isa = PBXBuildFile; fileRef = 85547E251DEEEE7400FE9846 /* amrFileCodec.m */; };
		85547E3B1DEEEE7400FE9846 /* libopencore-amrnb.a in Frameworks */ = {isa = PBXBuildFile; fileRef = 85547E2E1DEEEE7400FE9846 /* libopencore-amrnb.a */; };
		85547E3C1DEEEE7400FE9846 /* libopencore-amrwb.a in Frameworks */ = {isa = PBXBuildFile; fileRef = 85547E2F1DEEEE7400FE9846 /* libopencore-amrwb.a */; };
		85547E3D1DEEEE7400FE9846 /* black_bg_ip5@2x.png in Resources */ = {isa = PBXBuildFile; fileRef = 85547E301DEEEE7400FE9846 /* black_bg_ip5@2x.png */; };
		85547E3E1DEEEE7400FE9846 /* LCVoice.m in Sources */ = {isa = PBXBuildFile; fileRef = 85547E321DEEEE7400FE9846 /* LCVoice.m */; };
		85547E3F1DEEEE7400FE9846 /* LCVoiceHud.m in Sources */ = {isa = PBXBuildFile; fileRef = 85547E341DEEEE7400FE9846 /* LCVoiceHud.m */; };
		85547E401DEEEE7400FE9846 /* mic_normal_358x358@2x.png in Resources */ = {isa = PBXBuildFile; fileRef = 85547E351DEEEE7400FE9846 /* mic_normal_358x358@2x.png */; };
		85547E411DEEEE7400FE9846 /* mic_talk_358x358@2x.png in Resources */ = {isa = PBXBuildFile; fileRef = 85547E361DEEEE7400FE9846 /* mic_talk_358x358@2x.png */; };
		85547E421DEEEE7400FE9846 /* RecordButton.m in Sources */ = {isa = PBXBuildFile; fileRef = 85547E381DEEEE7400FE9846 /* RecordButton.m */; };
		85547E431DEEEE7400FE9846 /* wave70x117@2x.png in Resources */ = {isa = PBXBuildFile; fileRef = 85547E391DEEEE7400FE9846 /* wave70x117@2x.png */; };
		85C8FEBC1DED8EB80044DA83 /* main.m in Sources */ = {isa = PBXBuildFile; fileRef = 85C8FEBB1DED8EB80044DA83 /* main.m */; };
		85C8FEBF1DED8EB80044DA83 /* AppDelegate.m in Sources */ = {isa = PBXBuildFile; fileRef = 85C8FEBE1DED8EB80044DA83 /* AppDelegate.m */; };
		85C8FEC81DED8EB80044DA83 /* Easy_Talk.xcdatamodeld in Sources */ = {isa = PBXBuildFile; fileRef = 85C8FEC61DED8EB80044DA83 /* Easy_Talk.xcdatamodeld */; };
		85C8FECA1DED8EB90044DA83 /* Assets.xcassets in Resources */ = {isa = PBXBuildFile; fileRef = 85C8FEC91DED8EB90044DA83 /* Assets.xcassets */; };
		85C8FECD1DED8EB90044DA83 /* LaunchScreen.storyboard in Resources */ = {isa = PBXBuildFile; fileRef = 85C8FECB1DED8EB90044DA83 /* LaunchScreen.storyboard */; };
		85C8FED81DED8EB90044DA83 /* Easy_TalkTests.m in Sources */ = {isa = PBXBuildFile; fileRef = 85C8FED71DED8EB90044DA83 /* Easy_TalkTests.m */; };
		85C8FEE31DED8EB90044DA83 /* Easy_TalkUITests.m in Sources */ = {isa = PBXBuildFile; fileRef = 85C8FEE21DED8EB90044DA83 /* Easy_TalkUITests.m */; };
		85C8FEF11DED90100044DA83 /* PodFile in Resources */ = {isa = PBXBuildFile; fileRef = 85C8FEF01DED90100044DA83 /* PodFile */; };
		85C8FEF41DED93840044DA83 /* LoadingViewController.m in Sources */ = {isa = PBXBuildFile; fileRef = 85C8FEF31DED93840044DA83 /* LoadingViewController.m */; };
		85C8FEF81DEDA8F70044DA83 /* FriendsTableViewController.m in Sources */ = {isa = PBXBuildFile; fileRef = 85C8FEF71DEDA8F70044DA83 /* FriendsTableViewController.m */; };
		85C8FEFB1DEDAB110044DA83 /* EaseMobManager.m in Sources */ = {isa = PBXBuildFile; fileRef = 85C8FEFA1DEDAB110044DA83 /* EaseMobManager.m */; };
		B9908FD159B44AF7403FB3B4 /* libPods-Easy-Talk.a in Frameworks */ = {isa = PBXBuildFile; fileRef = BD9BC91B0B40D382EF369FB7 /* libPods-Easy-Talk.a */; };
/* End PBXBuildFile section */

/* Begin PBXContainerItemProxy section */
		85C8FED41DED8EB90044DA83 /* PBXContainerItemProxy */ = {
			isa = PBXContainerItemProxy;
			containerPortal = 85C8FEAF1DED8EB80044DA83 /* Project object */;
			proxyType = 1;
			remoteGlobalIDString = 85C8FEB61DED8EB80044DA83;
			remoteInfo = "Easy-Talk";
		};
		85C8FEDF1DED8EB90044DA83 /* PBXContainerItemProxy */ = {
			isa = PBXContainerItemProxy;
			containerPortal = 85C8FEAF1DED8EB80044DA83 /* Project object */;
			proxyType = 1;
			remoteGlobalIDString = 85C8FEB61DED8EB80044DA83;
			remoteInfo = "Easy-Talk";
		};
/* End PBXContainerItemProxy section */

/* Begin PBXFileReference section */
		43A2B54D9B506461B058AED5 /* Pods-Easy-Talk.release.xcconfig */ = {isa = PBXFileReference; includeInIndex = 1; lastKnownFileType = text.xcconfig; name = "Pods-Easy-Talk.release.xcconfig"; path = "Pods/Target Support Files/Pods-Easy-Talk/Pods-Easy-Talk.release.xcconfig"; sourceTree = "<group>"; };
		52A5184D98C5826A12E65255 /* Pods-Easy-Talk.debug.xcconfig */ = {isa = PBXFileReference; includeInIndex = 1; lastKnownFileType = text.xcconfig; name = "Pods-Easy-Talk.debug.xcconfig"; path = "Pods/Target Support Files/Pods-Easy-Talk/Pods-Easy-Talk.debug.xcconfig"; sourceTree = "<group>"; };
		85547E1F1DEE946000FE9846 /* ChattingViewController.h */ = {isa = PBXFileReference; fileEncoding = 4; lastKnownFileType = sourcecode.c.h; path = ChattingViewController.h; sourceTree = "<group>"; };
		85547E201DEE946000FE9846 /* ChattingViewController.m */ = {isa = PBXFileReference; fileEncoding = 4; lastKnownFileType = sourcecode.c.objc; path = ChattingViewController.m; sourceTree = "<group>"; };
		85547E241DEEEE7400FE9846 /* amrFileCodec.h */ = {isa = PBXFileReference; fileEncoding = 4; lastKnownFileType = sourcecode.c.h; path = amrFileCodec.h; sourceTree = "<group>"; };
		85547E251DEEEE7400FE9846 /* amrFileCodec.m */ = {isa = PBXFileReference; fileEncoding = 4; lastKnownFileType = sourcecode.c.objc; path = amrFileCodec.m; sourceTree = "<group>"; };
		85547E281DEEEE7400FE9846 /* interf_dec.h */ = {isa = PBXFileReference; fileEncoding = 4; lastKnownFileType = sourcecode.c.h; path = interf_dec.h; sourceTree = "<group>"; };
		85547E291DEEEE7400FE9846 /* interf_enc.h */ = {isa = PBXFileReference; fileEncoding = 4; lastKnownFileType = sourcecode.c.h; path = interf_enc.h; sourceTree = "<group>"; };
		85547E2B1DEEEE7400FE9846 /* dec_if.h */ = {isa = PBXFileReference; fileEncoding = 4; lastKnownFileType = sourcecode.c.h; path = dec_if.h; sourceTree = "<group>"; };
		85547E2C1DEEEE7400FE9846 /* if_rom.h */ = {isa = PBXFileReference; fileEncoding = 4; lastKnownFileType = sourcecode.c.h; path = if_rom.h; sourceTree = "<group>"; };
		85547E2E1DEEEE7400FE9846 /* libopencore-amrnb.a */ = {isa = PBXFileReference; lastKnownFileType = archive.ar; path = "libopencore-amrnb.a"; sourceTree = "<group>"; };
		85547E2F1DEEEE7400FE9846 /* libopencore-amrwb.a */ = {isa = PBXFileReference; lastKnownFileType = archive.ar; path = "libopencore-amrwb.a"; sourceTree = "<group>"; };
		85547E301DEEEE7400FE9846 /* black_bg_ip5@2x.png */ = {isa = PBXFileReference; lastKnownFileType = image.png; path = "black_bg_ip5@2x.png"; sourceTree = "<group>"; };
		85547E311DEEEE7400FE9846 /* LCVoice.h */ = {isa = PBXFileReference; fileEncoding = 4; lastKnownFileType = sourcecode.c.h; path = LCVoice.h; sourceTree = "<group>"; };
		85547E321DEEEE7400FE9846 /* LCVoice.m */ = {isa = PBXFileReference; fileEncoding = 4; lastKnownFileType = sourcecode.c.objc; path = LCVoice.m; sourceTree = "<group>"; };
		85547E331DEEEE7400FE9846 /* LCVoiceHud.h */ = {isa = PBXFileReference; fileEncoding = 4; lastKnownFileType = sourcecode.c.h; path = LCVoiceHud.h; sourceTree = "<group>"; };
		85547E341DEEEE7400FE9846 /* LCVoiceHud.m */ = {isa = PBXFileReference; fileEncoding = 4; lastKnownFileType = sourcecode.c.objc; path = LCVoiceHud.m; sourceTree = "<group>"; };
		85547E351DEEEE7400FE9846 /* mic_normal_358x358@2x.png */ = {isa = PBXFileReference; lastKnownFileType = image.png; path = "mic_normal_358x358@2x.png"; sourceTree = "<group>"; };
		85547E361DEEEE7400FE9846 /* mic_talk_358x358@2x.png */ = {isa = PBXFileReference; lastKnownFileType = image.png; path = "mic_talk_358x358@2x.png"; sourceTree = "<group>"; };
		85547E371DEEEE7400FE9846 /* RecordButton.h */ = {isa = PBXFileReference; fileEncoding = 4; lastKnownFileType = sourcecode.c.h; path = RecordButton.h; sourceTree = "<group>"; };
		85547E381DEEEE7400FE9846 /* RecordButton.m */ = {isa = PBXFileReference; fileEncoding = 4; lastKnownFileType = sourcecode.c.objc; path = RecordButton.m; sourceTree = "<group>"; };
		85547E391DEEEE7400FE9846 /* wave70x117@2x.png */ = {isa = PBXFileReference; lastKnownFileType = image.png; path = "wave70x117@2x.png"; sourceTree = "<group>"; };
		85C8FEB71DED8EB80044DA83 /* Easy-Talk.app */ = {isa = PBXFileReference; explicitFileType = wrapper.application; includeInIndex = 0; path = "Easy-Talk.app"; sourceTree = BUILT_PRODUCTS_DIR; };
		85C8FEBB1DED8EB80044DA83 /* main.m */ = {isa = PBXFileReference; lastKnownFileType = sourcecode.c.objc; path = main.m; sourceTree = "<group>"; };
		85C8FEBD1DED8EB80044DA83 /* AppDelegate.h */ = {isa = PBXFileReference; lastKnownFileType = sourcecode.c.h; path = AppDelegate.h; sourceTree = "<group>"; };
		85C8FEBE1DED8EB80044DA83 /* AppDelegate.m */ = {isa = PBXFileReference; lastKnownFileType = sourcecode.c.objc; path = AppDelegate.m; sourceTree = "<group>"; };
		85C8FEC71DED8EB80044DA83 /* Easy_Talk.xcdatamodel */ = {isa = PBXFileReference; lastKnownFileType = wrapper.xcdatamodel; path = Easy_Talk.xcdatamodel; sourceTree = "<group>"; };
		85C8FEC91DED8EB90044DA83 /* Assets.xcassets */ = {isa = PBXFileReference; lastKnownFileType = folder.assetcatalog; path = Assets.xcassets; sourceTree = "<group>"; };
		85C8FECC1DED8EB90044DA83 /* Base */ = {isa = PBXFileReference; lastKnownFileType = file.storyboard; name = Base; path = Base.lproj/LaunchScreen.storyboard; sourceTree = "<group>"; };
		85C8FECE1DED8EB90044DA83 /* Info.plist */ = {isa = PBXFileReference; lastKnownFileType = text.plist.xml; path = Info.plist; sourceTree = "<group>"; };
		85C8FED31DED8EB90044DA83 /* Easy-TalkTests.xctest */ = {isa = PBXFileReference; explicitFileType = wrapper.cfbundle; includeInIndex = 0; path = "Easy-TalkTests.xctest"; sourceTree = BUILT_PRODUCTS_DIR; };
		85C8FED71DED8EB90044DA83 /* Easy_TalkTests.m */ = {isa = PBXFileReference; lastKnownFileType = sourcecode.c.objc; path = Easy_TalkTests.m; sourceTree = "<group>"; };
		85C8FED91DED8EB90044DA83 /* Info.plist */ = {isa = PBXFileReference; lastKnownFileType = text.plist.xml; path = Info.plist; sourceTree = "<group>"; };
		85C8FEDE1DED8EB90044DA83 /* Easy-TalkUITests.xctest */ = {isa = PBXFileReference; explicitFileType = wrapper.cfbundle; includeInIndex = 0; path = "Easy-TalkUITests.xctest"; sourceTree = BUILT_PRODUCTS_DIR; };
		85C8FEE21DED8EB90044DA83 /* Easy_TalkUITests.m */ = {isa = PBXFileReference; lastKnownFileType = sourcecode.c.objc; path = Easy_TalkUITests.m; sourceTree = "<group>"; };
		85C8FEE41DED8EB90044DA83 /* Info.plist */ = {isa = PBXFileReference; lastKnownFileType = text.plist.xml; path = Info.plist; sourceTree = "<group>"; };
		85C8FEF01DED90100044DA83 /* PodFile */ = {isa = PBXFileReference; fileEncoding = 4; lastKnownFileType = text; path = PodFile; sourceTree = "<group>"; };
		85C8FEF21DED93840044DA83 /* LoadingViewController.h */ = {isa = PBXFileReference; fileEncoding = 4; lastKnownFileType = sourcecode.c.h; path = LoadingViewController.h; sourceTree = "<group>"; };
		85C8FEF31DED93840044DA83 /* LoadingViewController.m */ = {isa = PBXFileReference; fileEncoding = 4; lastKnownFileType = sourcecode.c.objc; path = LoadingViewController.m; sourceTree = "<group>"; };
		85C8FEF51DED939A0044DA83 /* PrefixHeader.pch */ = {isa = PBXFileReference; lastKnownFileType = sourcecode.c.h; path = PrefixHeader.pch; sourceTree = "<group>"; };
		85C8FEF61DEDA8F70044DA83 /* FriendsTableViewController.h */ = {isa = PBXFileReference; fileEncoding = 4; lastKnownFileType = sourcecode.c.h; path = FriendsTableViewController.h; sourceTree = "<group>"; };
		85C8FEF71DEDA8F70044DA83 /* FriendsTableViewController.m */ = {isa = PBXFileReference; fileEncoding = 4; lastKnownFileType = sourcecode.c.objc; path = FriendsTableViewController.m; sourceTree = "<group>"; };
		85C8FEF91DEDAB110044DA83 /* EaseMobManager.h */ = {isa = PBXFileReference; fileEncoding = 4; lastKnownFileType = sourcecode.c.h; path = EaseMobManager.h; sourceTree = "<group>"; };
		85C8FEFA1DEDAB110044DA83 /* EaseMobManager.m */ = {isa = PBXFileReference; fileEncoding = 4; lastKnownFileType = sourcecode.c.objc; path = EaseMobManager.m; sourceTree = "<group>"; };
		BD9BC91B0B40D382EF369FB7 /* libPods-Easy-Talk.a */ = {isa = PBXFileReference; explicitFileType = archive.ar; includeInIndex = 0; path = "libPods-Easy-Talk.a"; sourceTree = BUILT_PRODUCTS_DIR; };
/* End PBXFileReference section */

/* Begin PBXFrameworksBuildPhase section */
		85C8FEB41DED8EB80044DA83 /* Frameworks */ = {
			isa = PBXFrameworksBuildPhase;
			buildActionMask = 2147483647;
			files = (
				B9908FD159B44AF7403FB3B4 /* libPods-Easy-Talk.a in Frameworks */,
				85547E3C1DEEEE7400FE9846 /* libopencore-amrwb.a in Frameworks */,
				85547E3B1DEEEE7400FE9846 /* libopencore-amrnb.a in Frameworks */,
			);
			runOnlyForDeploymentPostprocessing = 0;
		};
		85C8FED01DED8EB90044DA83 /* Frameworks */ = {
			isa = PBXFrameworksBuildPhase;
			buildActionMask = 2147483647;
			files = (
			);
			runOnlyForDeploymentPostprocessing = 0;
		};
		85C8FEDB1DED8EB90044DA83 /* Frameworks */ = {
			isa = PBXFrameworksBuildPhase;
			buildActionMask = 2147483647;
			files = (
			);
			runOnlyForDeploymentPostprocessing = 0;
		};
/* End PBXFrameworksBuildPhase section */

/* Begin PBXGroup section */
		85547E221DEEEE7400FE9846 /* LCVoiceHud */ = {
			isa = PBXGroup;
			children = (
				85547E231DEEEE7400FE9846 /* arm */,
				85547E301DEEEE7400FE9846 /* black_bg_ip5@2x.png */,
				85547E311DEEEE7400FE9846 /* LCVoice.h */,
				85547E321DEEEE7400FE9846 /* LCVoice.m */,
				85547E331DEEEE7400FE9846 /* LCVoiceHud.h */,
				85547E341DEEEE7400FE9846 /* LCVoiceHud.m */,
				85547E351DEEEE7400FE9846 /* mic_normal_358x358@2x.png */,
				85547E361DEEEE7400FE9846 /* mic_talk_358x358@2x.png */,
				85547E371DEEEE7400FE9846 /* RecordButton.h */,
				85547E381DEEEE7400FE9846 /* RecordButton.m */,
				85547E391DEEEE7400FE9846 /* wave70x117@2x.png */,
			);
			path = LCVoiceHud;
			sourceTree = "<group>";
		};
		85547E231DEEEE7400FE9846 /* arm */ = {
			isa = PBXGroup;
			children = (
				85547E241DEEEE7400FE9846 /* amrFileCodec.h */,
				85547E251DEEEE7400FE9846 /* amrFileCodec.m */,
				85547E261DEEEE7400FE9846 /* include */,
				85547E2D1DEEEE7400FE9846 /* lib */,
			);
			path = arm;
			sourceTree = "<group>";
		};
		85547E261DEEEE7400FE9846 /* include */ = {
			isa = PBXGroup;
			children = (
				85547E271DEEEE7400FE9846 /* opencore-amrnb */,
				85547E2A1DEEEE7400FE9846 /* opencore-amrwb */,
			);
			path = include;
			sourceTree = "<group>";
		};
		85547E271DEEEE7400FE9846 /* opencore-amrnb */ = {
			isa = PBXGroup;
			children = (
				85547E281DEEEE7400FE9846 /* interf_dec.h */,
				85547E291DEEEE7400FE9846 /* interf_enc.h */,
			);
			path = "opencore-amrnb";
			sourceTree = "<group>";
		};
		85547E2A1DEEEE7400FE9846 /* opencore-amrwb */ = {
			isa = PBXGroup;
			children = (
				85547E2B1DEEEE7400FE9846 /* dec_if.h */,
				85547E2C1DEEEE7400FE9846 /* if_rom.h */,
			);
			path = "opencore-amrwb";
			sourceTree = "<group>";
		};
		85547E2D1DEEEE7400FE9846 /* lib */ = {
			isa = PBXGroup;
			children = (
				85547E2E1DEEEE7400FE9846 /* libopencore-amrnb.a */,
				85547E2F1DEEEE7400FE9846 /* libopencore-amrwb.a */,
			);
			path = lib;
			sourceTree = "<group>";
		};
		85C8FEAE1DED8EB80044DA83 = {
			isa = PBXGroup;
			children = (
				85C8FEF01DED90100044DA83 /* PodFile */,
				85C8FEB91DED8EB80044DA83 /* Easy-Talk */,
				85C8FED61DED8EB90044DA83 /* Easy-TalkTests */,
				85C8FEE11DED8EB90044DA83 /* Easy-TalkUITests */,
				85C8FEB81DED8EB80044DA83 /* Products */,
				E13D580BECD8F195655A20F8 /* Pods */,
				A17D43C8C43BD5714D7B2E43 /* Frameworks */,
			);
			sourceTree = "<group>";
		};
		85C8FEB81DED8EB80044DA83 /* Products */ = {
			isa = PBXGroup;
			children = (
				85C8FEB71DED8EB80044DA83 /* Easy-Talk.app */,
				85C8FED31DED8EB90044DA83 /* Easy-TalkTests.xctest */,
				85C8FEDE1DED8EB90044DA83 /* Easy-TalkUITests.xctest */,
			);
			name = Products;
			sourceTree = "<group>";
		};
		85C8FEB91DED8EB80044DA83 /* Easy-Talk */ = {
			isa = PBXGroup;
			children = (
				85C8FEBD1DED8EB80044DA83 /* AppDelegate.h */,
				85C8FEBE1DED8EB80044DA83 /* AppDelegate.m */,
				85C8FEF21DED93840044DA83 /* LoadingViewController.h */,
				85C8FEF31DED93840044DA83 /* LoadingViewController.m */,
				85C8FEF61DEDA8F70044DA83 /* FriendsTableViewController.h */,
				85C8FEF71DEDA8F70044DA83 /* FriendsTableViewController.m */,
				85547E1F1DEE946000FE9846 /* ChattingViewController.h */,
				85547E201DEE946000FE9846 /* ChattingViewController.m */,
				85C8FEF91DEDAB110044DA83 /* EaseMobManager.h */,
				85C8FEFA1DEDAB110044DA83 /* EaseMobManager.m */,
				85C8FEC91DED8EB90044DA83 /* Assets.xcassets */,
				85C8FECB1DED8EB90044DA83 /* LaunchScreen.storyboard */,
				85C8FECE1DED8EB90044DA83 /* Info.plist */,
				85C8FEC61DED8EB80044DA83 /* Easy_Talk.xcdatamodeld */,
				85C8FEBA1DED8EB80044DA83 /* Supporting Files */,
			);
			path = "Easy-Talk";
			sourceTree = "<group>";
		};
		85C8FEBA1DED8EB80044DA83 /* Supporting Files */ = {
			isa = PBXGroup;
			children = (
				85547E221DEEEE7400FE9846 /* LCVoiceHud */,
				85C8FEBB1DED8EB80044DA83 /* main.m */,
				85C8FEF51DED939A0044DA83 /* PrefixHeader.pch */,
			);
			name = "Supporting Files";
			sourceTree = "<group>";
		};
		85C8FED61DED8EB90044DA83 /* Easy-TalkTests */ = {
			isa = PBXGroup;
			children = (
				85C8FED71DED8EB90044DA83 /* Easy_TalkTests.m */,
				85C8FED91DED8EB90044DA83 /* Info.plist */,
			);
			path = "Easy-TalkTests";
			sourceTree = "<group>";
		};
		85C8FEE11DED8EB90044DA83 /* Easy-TalkUITests */ = {
			isa = PBXGroup;
			children = (
				85C8FEE21DED8EB90044DA83 /* Easy_TalkUITests.m */,
				85C8FEE41DED8EB90044DA83 /* Info.plist */,
			);
			path = "Easy-TalkUITests";
			sourceTree = "<group>";
		};
		A17D43C8C43BD5714D7B2E43 /* Frameworks */ = {
			isa = PBXGroup;
			children = (
				BD9BC91B0B40D382EF369FB7 /* libPods-Easy-Talk.a */,
			);
			name = Frameworks;
			sourceTree = "<group>";
		};
		E13D580BECD8F195655A20F8 /* Pods */ = {
			isa = PBXGroup;
			children = (
				52A5184D98C5826A12E65255 /* Pods-Easy-Talk.debug.xcconfig */,
				43A2B54D9B506461B058AED5 /* Pods-Easy-Talk.release.xcconfig */,
			);
			name = Pods;
			sourceTree = "<group>";
		};
/* End PBXGroup section */

/* Begin PBXNativeTarget section */
		85C8FEB61DED8EB80044DA83 /* Easy-Talk */ = {
			isa = PBXNativeTarget;
			buildConfigurationList = 85C8FEE71DED8EB90044DA83 /* Build configuration list for PBXNativeTarget "Easy-Talk" */;
			buildPhases = (
				FA1EADF4C7A8F2D8F4FBEAEE /* [CP] Check Pods Manifest.lock */,
				85C8FEB31DED8EB80044DA83 /* Sources */,
				85C8FEB41DED8EB80044DA83 /* Frameworks */,
				85C8FEB51DED8EB80044DA83 /* Resources */,
				DC20774355B49863EAA734BC /* [CP] Embed Pods Frameworks */,
				7434C0B0EE115F2D686F0DDE /* [CP] Copy Pods Resources */,
			);
			buildRules = (
			);
			dependencies = (
			);
			name = "Easy-Talk";
			productName = "Easy-Talk";
			productReference = 85C8FEB71DED8EB80044DA83 /* Easy-Talk.app */;
			productType = "com.apple.product-type.application";
		};
		85C8FED21DED8EB90044DA83 /* Easy-TalkTests */ = {
			isa = PBXNativeTarget;
			buildConfigurationList = 85C8FEEA1DED8EB90044DA83 /* Build configuration list for PBXNativeTarget "Easy-TalkTests" */;
			buildPhases = (
				85C8FECF1DED8EB90044DA83 /* Sources */,
				85C8FED01DED8EB90044DA83 /* Frameworks */,
				85C8FED11DED8EB90044DA83 /* Resources */,
			);
			buildRules = (
			);
			dependencies = (
				85C8FED51DED8EB90044DA83 /* PBXTargetDependency */,
			);
			name = "Easy-TalkTests";
			productName = "Easy-TalkTests";
			productReference = 85C8FED31DED8EB90044DA83 /* Easy-TalkTests.xctest */;
			productType = "com.apple.product-type.bundle.unit-test";
		};
		85C8FEDD1DED8EB90044DA83 /* Easy-TalkUITests */ = {
			isa = PBXNativeTarget;
			buildConfigurationList = 85C8FEED1DED8EB90044DA83 /* Build configuration list for PBXNativeTarget "Easy-TalkUITests" */;
			buildPhases = (
				85C8FEDA1DED8EB90044DA83 /* Sources */,
				85C8FEDB1DED8EB90044DA83 /* Frameworks */,
				85C8FEDC1DED8EB90044DA83 /* Resources */,
			);
			buildRules = (
			);
			dependencies = (
				85C8FEE01DED8EB90044DA83 /* PBXTargetDependency */,
			);
			name = "Easy-TalkUITests";
			productName = "Easy-TalkUITests";
			productReference = 85C8FEDE1DED8EB90044DA83 /* Easy-TalkUITests.xctest */;
			productType = "com.apple.product-type.bundle.ui-testing";
		};
/* End PBXNativeTarget section */

/* Begin PBXProject section */
		85C8FEAF1DED8EB80044DA83 /* Project object */ = {
			isa = PBXProject;
			attributes = {
				LastUpgradeCheck = 0710;
				ORGANIZATIONNAME = tarena;
				TargetAttributes = {
					85C8FEB61DED8EB80044DA83 = {
						CreatedOnToolsVersion = 7.1;
					};
					85C8FED21DED8EB90044DA83 = {
						CreatedOnToolsVersion = 7.1;
						TestTargetID = 85C8FEB61DED8EB80044DA83;
					};
					85C8FEDD1DED8EB90044DA83 = {
						CreatedOnToolsVersion = 7.1;
						TestTargetID = 85C8FEB61DED8EB80044DA83;
					};
				};
			};
			buildConfigurationList = 85C8FEB21DED8EB80044DA83 /* Build configuration list for PBXProject "Easy-Talk" */;
			compatibilityVersion = "Xcode 3.2";
			developmentRegion = English;
			hasScannedForEncodings = 0;
			knownRegions = (
				en,
				Base,
			);
			mainGroup = 85C8FEAE1DED8EB80044DA83;
			productRefGroup = 85C8FEB81DED8EB80044DA83 /* Products */;
			projectDirPath = "";
			projectRoot = "";
			targets = (
				85C8FEB61DED8EB80044DA83 /* Easy-Talk */,
				85C8FED21DED8EB90044DA83 /* Easy-TalkTests */,
				85C8FEDD1DED8EB90044DA83 /* Easy-TalkUITests */,
			);
		};
/* End PBXProject section */

/* Begin PBXResourcesBuildPhase section */
		85C8FEB51DED8EB80044DA83 /* Resources */ = {
			isa = PBXResourcesBuildPhase;
			buildActionMask = 2147483647;
			files = (
				85547E431DEEEE7400FE9846 /* wave70x117@2x.png in Resources */,
				85C8FEF11DED90100044DA83 /* PodFile in Resources */,
				85547E411DEEEE7400FE9846 /* mic_talk_358x358@2x.png in Resources */,
				85C8FECD1DED8EB90044DA83 /* LaunchScreen.storyboard in Resources */,
				85547E401DEEEE7400FE9846 /* mic_normal_358x358@2x.png in Resources */,
				85547E3D1DEEEE7400FE9846 /* black_bg_ip5@2x.png in Resources */,
				85C8FECA1DED8EB90044DA83 /* Assets.xcassets in Resources */,
			);
			runOnlyForDeploymentPostprocessing = 0;
		};
		85C8FED11DED8EB90044DA83 /* Resources */ = {
			isa = PBXResourcesBuildPhase;
			buildActionMask = 2147483647;
			files = (
			);
			runOnlyForDeploymentPostprocessing = 0;
		};
		85C8FEDC1DED8EB90044DA83 /* Resources */ = {
			isa = PBXResourcesBuildPhase;
			buildActionMask = 2147483647;
			files = (
			);
			runOnlyForDeploymentPostprocessing = 0;
		};
/* End PBXResourcesBuildPhase section */

/* Begin PBXShellScriptBuildPhase section */
		7434C0B0EE115F2D686F0DDE /* [CP] Copy Pods Resources */ = {
			isa = PBXShellScriptBuildPhase;
			buildActionMask = 2147483647;
			files = (
			);
			inputPaths = (
			);
			name = "[CP] Copy Pods Resources";
			outputPaths = (
			);
			runOnlyForDeploymentPostprocessing = 0;
			shellPath = /bin/sh;
			shellScript = "\"${SRCROOT}/Pods/Target Support Files/Pods-Easy-Talk/Pods-Easy-Talk-resources.sh\"\n";
			showEnvVarsInLog = 0;
		};
		DC20774355B49863EAA734BC /* [CP] Embed Pods Frameworks */ = {
			isa = PBXShellScriptBuildPhase;
			buildActionMask = 2147483647;
			files = (
			);
			inputPaths = (
			);
			name = "[CP] Embed Pods Frameworks";
			outputPaths = (
			);
			runOnlyForDeploymentPostprocessing = 0;
			shellPath = /bin/sh;
			shellScript = "\"${SRCROOT}/Pods/Target Support Files/Pods-Easy-Talk/Pods-Easy-Talk-frameworks.sh\"\n";
			showEnvVarsInLog = 0;
		};
		FA1EADF4C7A8F2D8F4FBEAEE /* [CP] Check Pods Manifest.lock */ = {
			isa = PBXShellScriptBuildPhase;
			buildActionMask = 2147483647;
			files = (
			);
			inputPaths = (
			);
			name = "[CP] Check Pods Manifest.lock";
			outputPaths = (
			);
			runOnlyForDeploymentPostprocessing = 0;
			shellPath = /bin/sh;
			shellScript = "diff \"${PODS_ROOT}/../Podfile.lock\" \"${PODS_ROOT}/Manifest.lock\" > /dev/null\nif [ $? != 0 ] ; then\n    # print error to STDERR\n    echo \"error: The sandbox is not in sync with the Podfile.lock. Run 'pod install' or update your CocoaPods installation.\" >&2\n    exit 1\nfi\n";
			showEnvVarsInLog = 0;
		};
/* End PBXShellScriptBuildPhase section */

/* Begin PBXSourcesBuildPhase section */
		85C8FEB31DED8EB80044DA83 /* Sources */ = {
			isa = PBXSourcesBuildPhase;
			buildActionMask = 2147483647;
			files = (
				85547E421DEEEE7400FE9846 /* RecordButton.m in Sources */,
				85547E211DEE946000FE9846 /* ChattingViewController.m in Sources */,
				85C8FEBF1DED8EB80044DA83 /* AppDelegate.m in Sources */,
				85C8FEBC1DED8EB80044DA83 /* main.m in Sources */,
				85C8FEF81DEDA8F70044DA83 /* FriendsTableViewController.m in Sources */,
				85C8FEC81DED8EB80044DA83 /* Easy_Talk.xcdatamodeld in Sources */,
				85C8FEFB1DEDAB110044DA83 /* EaseMobManager.m in Sources */,
				85C8FEF41DED93840044DA83 /* LoadingViewController.m in Sources */,
				85547E3F1DEEEE7400FE9846 /* LCVoiceHud.m in Sources */,
				85547E3E1DEEEE7400FE9846 /* LCVoice.m in Sources */,
				85547E3A1DEEEE7400FE9846 /* amrFileCodec.m in Sources */,
			);
			runOnlyForDeploymentPostprocessing = 0;
		};
		85C8FECF1DED8EB90044DA83 /* Sources */ = {
			isa = PBXSourcesBuildPhase;
			buildActionMask = 2147483647;
			files = (
				85C8FED81DED8EB90044DA83 /* Easy_TalkTests.m in Sources */,
			);
			runOnlyForDeploymentPostprocessing = 0;
		};
		85C8FEDA1DED8EB90044DA83 /* Sources */ = {
			isa = PBXSourcesBuildPhase;
			buildActionMask = 2147483647;
			files = (
				85C8FEE31DED8EB90044DA83 /* Easy_TalkUITests.m in Sources */,
			);
			runOnlyForDeploymentPostprocessing = 0;
		};
/* End PBXSourcesBuildPhase section */

/* Begin PBXTargetDependency section */
		85C8FED51DED8EB90044DA83 /* PBXTargetDependency */ = {
			isa = PBXTargetDependency;
			target = 85C8FEB61DED8EB80044DA83 /* Easy-Talk */;
			targetProxy = 85C8FED41DED8EB90044DA83 /* PBXContainerItemProxy */;
		};
		85C8FEE01DED8EB90044DA83 /* PBXTargetDependency */ = {
			isa = PBXTargetDependency;
			target = 85C8FEB61DED8EB80044DA83 /* Easy-Talk */;
			targetProxy = 85C8FEDF1DED8EB90044DA83 /* PBXContainerItemProxy */;
		};
/* End PBXTargetDependency section */

/* Begin PBXVariantGroup section */
		85C8FECB1DED8EB90044DA83 /* LaunchScreen.storyboard */ = {
			isa = PBXVariantGroup;
			children = (
				85C8FECC1DED8EB90044DA83 /* Base */,
			);
			name = LaunchScreen.storyboard;
			sourceTree = "<group>";
		};
/* End PBXVariantGroup section */

/* Begin XCBuildConfiguration section */
		85C8FEE51DED8EB90044DA83 /* Debug */ = {
			isa = XCBuildConfiguration;
			buildSettings = {
				ALWAYS_SEARCH_USER_PATHS = NO;
				CLANG_CXX_LANGUAGE_STANDARD = "gnu++0x";
				CLANG_CXX_LIBRARY = "libc++";
				CLANG_ENABLE_MODULES = YES;
				CLANG_ENABLE_OBJC_ARC = YES;
				CLANG_WARN_BOOL_CONVERSION = YES;
				CLANG_WARN_CONSTANT_CONVERSION = YES;
				CLANG_WARN_DIRECT_OBJC_ISA_USAGE = YES_ERROR;
				CLANG_WARN_EMPTY_BODY = YES;
				CLANG_WARN_ENUM_CONVERSION = YES;
				CLANG_WARN_INT_CONVERSION = YES;
				CLANG_WARN_OBJC_ROOT_CLASS = YES_ERROR;
				CLANG_WARN_UNREACHABLE_CODE = YES;
				CLANG_WARN__DUPLICATE_METHOD_MATCH = YES;
				"CODE_SIGN_IDENTITY[sdk=iphoneos*]" = "iPhone Developer";
				COPY_PHASE_STRIP = NO;
				DEBUG_INFORMATION_FORMAT = dwarf;
				ENABLE_STRICT_OBJC_MSGSEND = YES;
				ENABLE_TESTABILITY = YES;
				GCC_C_LANGUAGE_STANDARD = gnu99;
				GCC_DYNAMIC_NO_PIC = NO;
				GCC_NO_COMMON_BLOCKS = YES;
				GCC_OPTIMIZATION_LEVEL = 0;
				GCC_PREPROCESSOR_DEFINITIONS = (
					"DEBUG=1",
					"$(inherited)",
				);
				GCC_WARN_64_TO_32_BIT_CONVERSION = YES;
				GCC_WARN_ABOUT_RETURN_TYPE = YES_ERROR;
				GCC_WARN_UNDECLARED_SELECTOR = YES;
				GCC_WARN_UNINITIALIZED_AUTOS = YES_AGGRESSIVE;
				GCC_WARN_UNUSED_FUNCTION = YES;
				GCC_WARN_UNUSED_VARIABLE = YES;
				IPHONEOS_DEPLOYMENT_TARGET = 9.1;
				MTL_ENABLE_DEBUG_INFO = YES;
				ONLY_ACTIVE_ARCH = YES;
				SDKROOT = iphoneos;
			};
			name = Debug;
		};
		85C8FEE61DED8EB90044DA83 /* Release */ = {
			isa = XCBuildConfiguration;
			buildSettings = {
				ALWAYS_SEARCH_USER_PATHS = NO;
				CLANG_CXX_LANGUAGE_STANDARD = "gnu++0x";
				CLANG_CXX_LIBRARY = "libc++";
				CLANG_ENABLE_MODULES = YES;
				CLANG_ENABLE_OBJC_ARC = YES;
				CLANG_WARN_BOOL_CONVERSION = YES;
				CLANG_WARN_CONSTANT_CONVERSION = YES;
				CLANG_WARN_DIRECT_OBJC_ISA_USAGE = YES_ERROR;
				CLANG_WARN_EMPTY_BODY = YES;
				CLANG_WARN_ENUM_CONVERSION = YES;
				CLANG_WARN_INT_CONVERSION = YES;
				CLANG_WARN_OBJC_ROOT_CLASS = YES_ERROR;
				CLANG_WARN_UNREACHABLE_CODE = YES;
				CLANG_WARN__DUPLICATE_METHOD_MATCH = YES;
				"CODE_SIGN_IDENTITY[sdk=iphoneos*]" = "iPhone Developer";
				COPY_PHASE_STRIP = NO;
				DEBUG_INFORMATION_FORMAT = "dwarf-with-dsym";
				ENABLE_NS_ASSERTIONS = NO;
				ENABLE_STRICT_OBJC_MSGSEND = YES;
				GCC_C_LANGUAGE_STANDARD = gnu99;
				GCC_NO_COMMON_BLOCKS = YES;
				GCC_WARN_64_TO_32_BIT_CONVERSION = YES;
				GCC_WARN_ABOUT_RETURN_TYPE = YES_ERROR;
				GCC_WARN_UNDECLARED_SELECTOR = YES;
				GCC_WARN_UNINITIALIZED_AUTOS = YES_AGGRESSIVE;
				GCC_WARN_UNUSED_FUNCTION = YES;
				GCC_WARN_UNUSED_VARIABLE = YES;
				IPHONEOS_DEPLOYMENT_TARGET = 9.1;
				MTL_ENABLE_DEBUG_INFO = NO;
				SDKROOT = iphoneos;
				VALIDATE_PRODUCT = YES;
			};
			name = Release;
		};
		85C8FEE81DED8EB90044DA83 /* Debug */ = {
			isa = XCBuildConfiguration;
			baseConfigurationReference = 52A5184D98C5826A12E65255 /* Pods-Easy-Talk.debug.xcconfig */;
			buildSettings = {
				ASSETCATALOG_COMPILER_APPICON_NAME = AppIcon;
				GCC_PREFIX_HEADER = "Easy-Talk/PrefixHeader.pch";
				INFOPLIST_FILE = "Easy-Talk/Info.plist";
				LD_RUNPATH_SEARCH_PATHS = "$(inherited) @executable_path/Frameworks";
				LIBRARY_SEARCH_PATHS = (
					"$(inherited)",
					"$(PROJECT_DIR)/Easy-Talk/LCVoiceHud/arm/lib",
				);
				PRODUCT_BUNDLE_IDENTIFIER = "cn.tedu.com.Easy-Talk";
				PRODUCT_NAME = "$(TARGET_NAME)";
			};
			name = Debug;
		};
		85C8FEE91DED8EB90044DA83 /* Release */ = {
			isa = XCBuildConfiguration;
			baseConfigurationReference = 43A2B54D9B506461B058AED5 /* Pods-Easy-Talk.release.xcconfig */;
			buildSettings = {
				ASSETCATALOG_COMPILER_APPICON_NAME = AppIcon;
				GCC_PREFIX_HEADER = "Easy-Talk/PrefixHeader.pch";
				INFOPLIST_FILE = "Easy-Talk/Info.plist";
				LD_RUNPATH_SEARCH_PATHS = "$(inherited) @executable_path/Frameworks";
				LIBRARY_SEARCH_PATHS = (
					"$(inherited)",
					"$(PROJECT_DIR)/Easy-Talk/LCVoiceHud/arm/lib",
				);
				PRODUCT_BUNDLE_IDENTIFIER = "cn.tedu.com.Easy-Talk";
				PRODUCT_NAME = "$(TARGET_NAME)";
			};
			name = Release;
		};
		85C8FEEB1DED8EB90044DA83 /* Debug */ = {
			isa = XCBuildConfiguration;
			buildSettings = {
				BUNDLE_LOADER = "$(TEST_HOST)";
				INFOPLIST_FILE = "Easy-TalkTests/Info.plist";
				LD_RUNPATH_SEARCH_PATHS = "$(inherited) @executable_path/Frameworks @loader_path/Frameworks";
				PRODUCT_BUNDLE_IDENTIFIER = "cn.tedu.com.Easy-TalkTests";
				PRODUCT_NAME = "$(TARGET_NAME)";
				TEST_HOST = "$(BUILT_PRODUCTS_DIR)/Easy-Talk.app/Easy-Talk";
			};
			name = Debug;
		};
		85C8FEEC1DED8EB90044DA83 /* Release */ = {
			isa = XCBuildConfiguration;
			buildSettings = {
				BUNDLE_LOADER = "$(TEST_HOST)";
				INFOPLIST_FILE = "Easy-TalkTests/Info.plist";
				LD_RUNPATH_SEARCH_PATHS = "$(inherited) @executable_path/Frameworks @loader_path/Frameworks";
				PRODUCT_BUNDLE_IDENTIFIER = "cn.tedu.com.Easy-TalkTests";
				PRODUCT_NAME = "$(TARGET_NAME)";
				TEST_HOST = "$(BUILT_PRODUCTS_DIR)/Easy-Talk.app/Easy-Talk";
			};
			name = Release;
		};
		85C8FEEE1DED8EB90044DA83 /* Debug */ = {
			isa = XCBuildConfiguration;
			buildSettings = {
				INFOPLIST_FILE = "Easy-TalkUITests/Info.plist";
				LD_RUNPATH_SEARCH_PATHS = "$(inherited) @executable_path/Frameworks @loader_path/Frameworks";
				PRODUCT_BUNDLE_IDENTIFIER = "cn.tedu.com.Easy-TalkUITests";
				PRODUCT_NAME = "$(TARGET_NAME)";
				TEST_TARGET_NAME = "Easy-Talk";
				USES_XCTRUNNER = YES;
			};
			name = Debug;
		};
		85C8FEEF1DED8EB90044DA83 /* Release */ = {
			isa = XCBuildConfiguration;
			buildSettings = {
				INFOPLIST_FILE = "Easy-TalkUITests/Info.plist";
				LD_RUNPATH_SEARCH_PATHS = "$(inherited) @executable_path/Frameworks @loader_path/Frameworks";
				PRODUCT_BUNDLE_IDENTIFIER = "cn.tedu.com.Easy-TalkUITests";
				PRODUCT_NAME = "$(TARGET_NAME)";
				TEST_TARGET_NAME = "Easy-Talk";
				USES_XCTRUNNER = YES;
			};
			name = Release;
		};
/* End XCBuildConfiguration section */

/* Begin XCConfigurationList section */
		85C8FEB21DED8EB80044DA83 /* Build configuration list for PBXProject "Easy-Talk" */ = {
			isa = XCConfigurationList;
			buildConfigurations = (
				85C8FEE51DED8EB90044DA83 /* Debug */,
				85C8FEE61DED8EB90044DA83 /* Release */,
			);
			defaultConfigurationIsVisible = 0;
			defaultConfigurationName = Release;
		};
		85C8FEE71DED8EB90044DA83 /* Build configuration list for PBXNativeTarget "Easy-Talk" */ = {
			isa = XCConfigurationList;
			buildConfigurations = (
				85C8FEE81DED8EB90044DA83 /* Debug */,
				85C8FEE91DED8EB90044DA83 /* Release */,
			);
			defaultConfigurationIsVisible = 0;
			defaultConfigurationName = Release;
		};
		85C8FEEA1DED8EB90044DA83 /* Build configuration list for PBXNativeTarget "Easy-TalkTests" */ = {
			isa = XCConfigurationList;
			buildConfigurations = (
				85C8FEEB1DED8EB90044DA83 /* Debug */,
				85C8FEEC1DED8EB90044DA83 /* Release */,
			);
			defaultConfigurationIsVisible = 0;
			defaultConfigurationName = Release;
		};
		85C8FEED1DED8EB90044DA83 /* Build configuration list for PBXNativeTarget "Easy-TalkUITests" */ = {
			isa = XCConfigurationList;
			buildConfigurations = (
				85C8FEEE1DED8EB90044DA83 /* Debug */,
				85C8FEEF1DED8EB90044DA83 /* Release */,
			);
			defaultConfigurationIsVisible = 0;
			defaultConfigurationName = Release;
		};
/* End XCConfigurationList section */

/* Begin XCVersionGroup section */
		85C8FEC61DED8EB80044DA83 /* Easy_Talk.xcdatamodeld */ = {
			isa = XCVersionGroup;
			children = (
				85C8FEC71DED8EB80044DA83 /* Easy_Talk.xcdatamodel */,
			);
			currentVersion = 85C8FEC71DED8EB80044DA83 /* Easy_Talk.xcdatamodel */;
			path = Easy_Talk.xcdatamodeld;
			sourceTree = "<group>";
			versionGroupType = wrapper.xcdatamodel;
		};
/* End XCVersionGroup section */
	};
	rootObject = 85C8FEAF1DED8EB80044DA83 /* Project object */;
}
